dependencies:
- name: nats
  repository: https://nats-io.github.io/k8s/helm/charts/
  version: 0.19.12
- name: chaos-mesh
  repository: https://charts.chaos-mesh.org
  version: 2.5.1
- name: minio
  repository: https://charts.min.io/
  version: 5.0.14
- name: prometheus-pushgateway
  repository: https://prometheus-community.github.io/helm-charts
  version: 2.7.1
- name: fleet-scheduler
  repository: https://metal-toolbox.github.io/fleet-scheduler
  version: v1.0.0
- name: flipflop
  repository: https://metal-toolbox.github.io/flipflop
  version: v0.1.3
- name: bioscfg
  repository: https://metal-toolbox.github.io/bioscfg
  version: v0.0.2
digest: sha256:d2ea3b23b5854ce23dad429905eb3903a47cd345c769d3a076af830ba7d89bc1
generated: "2024-09-30T14:45:17.810741996-04:00"
