dependencies:
- name: nats
  repository: https://nats-io.github.io/k8s/helm/charts/
  version: 0.19.12
- name: chaos-mesh
  repository: https://charts.chaos-mesh.org
  version: 2.5.1
digest: sha256:41ac7b87c925224fbe49d0ba2a2b1e80f7dd379d397561723b6bfe4c21ac358b
generated: "2023-05-09T17:07:38.86377+02:00"
