dependencies:
- name: nats
  repository: https://nats-io.github.io/k8s/helm/charts/
  version: 0.19.12
- name: chaos-mesh
  repository: https://charts.chaos-mesh.org
  version: 2.5.1
- name: minio
  repository: https://charts.min.io/
  version: 5.0.14
- name: prometheus-pushgateway
  repository: https://prometheus-community.github.io/helm-charts
  version: 2.7.1
- name: fleet-scheduler
  repository: https://metal-toolbox.github.io/fleet-scheduler
  version: v0.1.0
digest: sha256:f9a21d4a9ac1157e842b6422dab9cea80429ead008009e0f1f9a6d65ffab5d64
generated: "2024-07-08T16:39:57.94742131-04:00"
